
Microsoft Visual Studio Solution File, Format Version 12.00
# Visual Studio Version 16
VisualStudioVersion = 16.0.33328.57
MinimumVisualStudioVersion = 10.0.40219.1
Project("{FAE04EC0-301F-11D3-BF4B-00C04F79EFBC}") = "eCommerce.API", "eCommerce.API\eCommerce.API.csproj", "{8D52CE33-343E-437A-8F2D-642A0EAF7CC0}"
EndProject
Global
	GlobalSection(SolutionConfigurationPlatforms) = preSolution
		Debug|Any CPU = Debug|Any CPU
		Release|Any CPU = Release|Any CPU
	EndGlobalSection
	GlobalSection(ProjectConfigurationPlatforms) = postSolution
		{8D52CE33-343E-437A-8F2D-642A0EAF7CC0}.Debug|Any CPU.ActiveCfg = Debug|Any CPU
		{8D52CE33-343E-437A-8F2D-642A0EAF7CC0}.Debug|Any CPU.Build.0 = Debug|Any CPU
		{8D52CE33-343E-437A-8F2D-642A0EAF7CC0}.Release|Any CPU.ActiveCfg = Release|Any CPU
		{8D52CE33-343E-437A-8F2D-642A0EAF7CC0}.Release|Any CPU.Build.0 = Release|Any CPU
	EndGlobalSection
	GlobalSection(SolutionProperties) = preSolution
		HideSolutionNode = FALSE
	EndGlobalSection
	GlobalSection(ExtensibilityGlobals) = postSolution
		SolutionGuid = {6FAB4D13-A050-4CD5-8D25-B10B155CE60A}
	EndGlobalSection
EndGlobal
