
Microsoft Visual Studio Solution File, Format Version 12.00
# Visual Studio Version 17
VisualStudioVersion = 17.14.36623.8 d17.14
MinimumVisualStudioVersion = 10.0.40219.1
Project("{FAE04EC0-301F-11D3-BF4B-00C04F79EFBC}") = "eCommerce.API", "eCommerce.API.csproj", "{FFE43241-9D97-4D83-9E83-8EC646320109}"
EndProject
Global
	GlobalSection(SolutionConfigurationPlatforms) = preSolution
		Debug|Any CPU = Debug|Any CPU
		Release|Any CPU = Release|Any CPU
	EndGlobalSection
	GlobalSection(ProjectConfigurationPlatforms) = postSolution
		{FFE43241-9D97-4D83-9E83-8EC646320109}.Debug|Any CPU.ActiveCfg = Debug|Any CPU
		{FFE43241-9D97-4D83-9E83-8EC646320109}.Debug|Any CPU.Build.0 = Debug|Any CPU
		{FFE43241-9D97-4D83-9E83-8EC646320109}.Release|Any CPU.ActiveCfg = Release|Any CPU
		{FFE43241-9D97-4D83-9E83-8EC646320109}.Release|Any CPU.Build.0 = Release|Any CPU
	EndGlobalSection
	GlobalSection(SolutionProperties) = preSolution
		HideSolutionNode = FALSE
	EndGlobalSection
	GlobalSection(ExtensibilityGlobals) = postSolution
		SolutionGuid = {8B3EC069-A695-4B78-9CBC-63F7D8BC1927}
	EndGlobalSection
EndGlobal
